// !$*UTF8*$!
{
	archiveVersion = 1;
	classes = {
	};
	objectVersion = 46;
	objects = {

/* Begin PBXBuildFile section */
		16FB8E6A7F5A37C888E25E8B /* Pods_SeaTests.framework in Frameworks */ = {isa = PBXBuildFile; fileRef = BC6B6C5818E77A54D4B5F001 /* Pods_SeaTests.framework */; };
		C2146EBE1ED5ABC1007A613B /* AppDelegate.swift in Sources */ = {isa = PBXBuildFile; fileRef = C2146EBD1ED5ABC1007A613B /* AppDelegate.swift */; };
		C2146EC01ED5ABC1007A613B /* ViewController.swift in Sources */ = {isa = PBXBuildFile; fileRef = C2146EBF1ED5ABC1007A613B /* ViewController.swift */; };
		C2146EC31ED5ABC1007A613B /* Main.storyboard in Resources */ = {isa = PBXBuildFile; fileRef = C2146EC11ED5ABC1007A613B /* Main.storyboard */; };
		C2146EC51ED5ABC1007A613B /* Assets.xcassets in Resources */ = {isa = PBXBuildFile; fileRef = C2146EC41ED5ABC1007A613B /* Assets.xcassets */; };
		C2146EC81ED5ABC1007A613B /* LaunchScreen.storyboard in Resources */ = {isa = PBXBuildFile; fileRef = C2146EC61ED5ABC1007A613B /* LaunchScreen.storyboard */; };
		C2146ED31ED5ABC1007A613B /* SeaTests.swift in Sources */ = {isa = PBXBuildFile; fileRef = C2146ED21ED5ABC1007A613B /* SeaTests.swift */; };
		C27D84A61EDED5440049DE7C /* DateRouter.swift in Sources */ = {isa = PBXBuildFile; fileRef = C27D84A51EDED5440049DE7C /* DateRouter.swift */; };
		C27D84A81EDED56B0049DE7C /* DateRouterImpl.swift in Sources */ = {isa = PBXBuildFile; fileRef = C27D84A71EDED56B0049DE7C /* DateRouterImpl.swift */; };
		C2D62A361ED5D9400084E846 /* NewsInteractor.swift in Sources */ = {isa = PBXBuildFile; fileRef = C2D62A351ED5D9400084E846 /* NewsInteractor.swift */; };
		C2D62A381ED5D9CE0084E846 /* NewsView.swift in Sources */ = {isa = PBXBuildFile; fileRef = C2D62A371ED5D9CE0084E846 /* NewsView.swift */; };
		C2D62A3A1ED5DA510084E846 /* NewsApi.swift in Sources */ = {isa = PBXBuildFile; fileRef = C2D62A391ED5DA510084E846 /* NewsApi.swift */; };
		C2D62A3C1ED5DB430084E846 /* NewsInteractorImpl.swift in Sources */ = {isa = PBXBuildFile; fileRef = C2D62A3B1ED5DB430084E846 /* NewsInteractorImpl.swift */; };
		C2D62A3E1ED5DE8F0084E846 /* NewsPresenter.swift in Sources */ = {isa = PBXBuildFile; fileRef = C2D62A3D1ED5DE8F0084E846 /* NewsPresenter.swift */; };
		C2D62A401ED5DECB0084E846 /* NewsViewController.swift in Sources */ = {isa = PBXBuildFile; fileRef = C2D62A3F1ED5DECB0084E846 /* NewsViewController.swift */; };
		C2E29D7D1EDDC893003A993A /* News.storyboard in Resources */ = {isa = PBXBuildFile; fileRef = C2E29D7C1EDDC893003A993A /* News.storyboard */; };
		C2E29D8D1EDDD5DA003A993A /* DateInteractor.swift in Sources */ = {isa = PBXBuildFile; fileRef = C2E29D841EDDD5DA003A993A /* DateInteractor.swift */; };
		C2E29D8E1EDDD5DA003A993A /* DateInteractorImpl.swift in Sources */ = {isa = PBXBuildFile; fileRef = C2E29D851EDDD5DA003A993A /* DateInteractorImpl.swift */; };
		C2E29D8F1EDDD5DA003A993A /* DateModule.swift in Sources */ = {isa = PBXBuildFile; fileRef = C2E29D871EDDD5DA003A993A /* DateModule.swift */; };
		C2E29D901EDDD5DA003A993A /* DatePresenter.swift in Sources */ = {isa = PBXBuildFile; fileRef = C2E29D881EDDD5DA003A993A /* DatePresenter.swift */; };
		C2E29D911EDDD5DA003A993A /* Date.storyboard in Resources */ = {isa = PBXBuildFile; fileRef = C2E29D8A1EDDD5DA003A993A /* Date.storyboard */; };
		C2E29D921EDDD5DA003A993A /* DateView.swift in Sources */ = {isa = PBXBuildFile; fileRef = C2E29D8B1EDDD5DA003A993A /* DateView.swift */; };
		C2E29D931EDDD5DA003A993A /* DateViewController.swift in Sources */ = {isa = PBXBuildFile; fileRef = C2E29D8C1EDDD5DA003A993A /* DateViewController.swift */; };
		C2E29D951EDDD64D003A993A /* NewsRouter.swift in Sources */ = {isa = PBXBuildFile; fileRef = C2E29D941EDDD64D003A993A /* NewsRouter.swift */; };
		C2E29D971EDDD658003A993A /* NewsRouterImpl.swift in Sources */ = {isa = PBXBuildFile; fileRef = C2E29D961EDDD658003A993A /* NewsRouterImpl.swift */; };
		E4666AE7C68164ACFB61258E /* Pods_Sea.framework in Frameworks */ = {isa = PBXBuildFile; fileRef = 6C504D3414CD5078C48F1B58 /* Pods_Sea.framework */; };
/* End PBXBuildFile section */

/* Begin PBXContainerItemProxy section */
		C2146ECF1ED5ABC1007A613B /* PBXContainerItemProxy */ = {
			isa = PBXContainerItemProxy;
			containerPortal = C2146EB21ED5ABC1007A613B /* Project object */;
			proxyType = 1;
			remoteGlobalIDString = C2146EB91ED5ABC1007A613B;
			remoteInfo = Sea;
		};
/* End PBXContainerItemProxy section */

/* Begin PBXFileReference section */
		191E3F37182B01CBD4CCCCC7 /* Pods-SeaTests.release.xcconfig */ = {isa = PBXFileReference; includeInIndex = 1; lastKnownFileType = text.xcconfig; name = "Pods-SeaTests.release.xcconfig"; path = "Pods/Target Support Files/Pods-SeaTests/Pods-SeaTests.release.xcconfig"; sourceTree = "<group>"; };
		6C504D3414CD5078C48F1B58 /* Pods_Sea.framework */ = {isa = PBXFileReference; explicitFileType = wrapper.framework; includeInIndex = 0; path = Pods_Sea.framework; sourceTree = BUILT_PRODUCTS_DIR; };
		AB3EE6775FAF7A452ECD8CF4 /* Pods-Sea.debug.xcconfig */ = {isa = PBXFileReference; includeInIndex = 1; lastKnownFileType = text.xcconfig; name = "Pods-Sea.debug.xcconfig"; path = "Pods/Target Support Files/Pods-Sea/Pods-Sea.debug.xcconfig"; sourceTree = "<group>"; };
		BC6B6C5818E77A54D4B5F001 /* Pods_SeaTests.framework */ = {isa = PBXFileReference; explicitFileType = wrapper.framework; includeInIndex = 0; path = Pods_SeaTests.framework; sourceTree = BUILT_PRODUCTS_DIR; };
		C2146EBA1ED5ABC1007A613B /* Sea.app */ = {isa = PBXFileReference; explicitFileType = wrapper.application; includeInIndex = 0; path = Sea.app; sourceTree = BUILT_PRODUCTS_DIR; };
		C2146EBD1ED5ABC1007A613B /* AppDelegate.swift */ = {isa = PBXFileReference; lastKnownFileType = sourcecode.swift; path = AppDelegate.swift; sourceTree = "<group>"; };
		C2146EBF1ED5ABC1007A613B /* ViewController.swift */ = {isa = PBXFileReference; lastKnownFileType = sourcecode.swift; path = ViewController.swift; sourceTree = "<group>"; };
		C2146EC21ED5ABC1007A613B /* Base */ = {isa = PBXFileReference; lastKnownFileType = file.storyboard; name = Base; path = Base.lproj/Main.storyboard; sourceTree = "<group>"; };
		C2146EC41ED5ABC1007A613B /* Assets.xcassets */ = {isa = PBXFileReference; lastKnownFileType = folder.assetcatalog; path = Assets.xcassets; sourceTree = "<group>"; };
		C2146EC71ED5ABC1007A613B /* Base */ = {isa = PBXFileReference; lastKnownFileType = file.storyboard; name = Base; path = Base.lproj/LaunchScreen.storyboard; sourceTree = "<group>"; };
		C2146EC91ED5ABC1007A613B /* Info.plist */ = {isa = PBXFileReference; lastKnownFileType = text.plist.xml; path = Info.plist; sourceTree = "<group>"; };
		C2146ECE1ED5ABC1007A613B /* SeaTests.xctest */ = {isa = PBXFileReference; explicitFileType = wrapper.cfbundle; includeInIndex = 0; path = SeaTests.xctest; sourceTree = BUILT_PRODUCTS_DIR; };
		C2146ED21ED5ABC1007A613B /* SeaTests.swift */ = {isa = PBXFileReference; lastKnownFileType = sourcecode.swift; path = SeaTests.swift; sourceTree = "<group>"; };
		C2146ED41ED5ABC1007A613B /* Info.plist */ = {isa = PBXFileReference; lastKnownFileType = text.plist.xml; path = Info.plist; sourceTree = "<group>"; };
		C27D84A51EDED5440049DE7C /* DateRouter.swift */ = {isa = PBXFileReference; fileEncoding = 4; lastKnownFileType = sourcecode.swift; path = DateRouter.swift; sourceTree = "<group>"; };
		C27D84A71EDED56B0049DE7C /* DateRouterImpl.swift */ = {isa = PBXFileReference; fileEncoding = 4; lastKnownFileType = sourcecode.swift; path = DateRouterImpl.swift; sourceTree = "<group>"; };
		C2D62A351ED5D9400084E846 /* NewsInteractor.swift */ = {isa = PBXFileReference; fileEncoding = 4; lastKnownFileType = sourcecode.swift; path = NewsInteractor.swift; sourceTree = "<group>"; };
		C2D62A371ED5D9CE0084E846 /* NewsView.swift */ = {isa = PBXFileReference; fileEncoding = 4; lastKnownFileType = sourcecode.swift; path = NewsView.swift; sourceTree = "<group>"; };
		C2D62A391ED5DA510084E846 /* NewsApi.swift */ = {isa = PBXFileReference; fileEncoding = 4; lastKnownFileType = sourcecode.swift; path = NewsApi.swift; sourceTree = "<group>"; };
		C2D62A3B1ED5DB430084E846 /* NewsInteractorImpl.swift */ = {isa = PBXFileReference; fileEncoding = 4; lastKnownFileType = sourcecode.swift; path = NewsInteractorImpl.swift; sourceTree = "<group>"; };
		C2D62A3D1ED5DE8F0084E846 /* NewsPresenter.swift */ = {isa = PBXFileReference; fileEncoding = 4; lastKnownFileType = sourcecode.swift; path = NewsPresenter.swift; sourceTree = "<group>"; };
		C2D62A3F1ED5DECB0084E846 /* NewsViewController.swift */ = {isa = PBXFileReference; fileEncoding = 4; lastKnownFileType = sourcecode.swift; path = NewsViewController.swift; sourceTree = "<group>"; };
		C2E29D7C1EDDC893003A993A /* News.storyboard */ = {isa = PBXFileReference; fileEncoding = 4; lastKnownFileType = file.storyboard; path = News.storyboard; sourceTree = "<group>"; };
		C2E29D841EDDD5DA003A993A /* DateInteractor.swift */ = {isa = PBXFileReference; fileEncoding = 4; lastKnownFileType = sourcecode.swift; path = DateInteractor.swift; sourceTree = "<group>"; };
		C2E29D851EDDD5DA003A993A /* DateInteractorImpl.swift */ = {isa = PBXFileReference; fileEncoding = 4; lastKnownFileType = sourcecode.swift; path = DateInteractorImpl.swift; sourceTree = "<group>"; };
		C2E29D871EDDD5DA003A993A /* DateModule.swift */ = {isa = PBXFileReference; fileEncoding = 4; lastKnownFileType = sourcecode.swift; path = DateModule.swift; sourceTree = "<group>"; };
		C2E29D881EDDD5DA003A993A /* DatePresenter.swift */ = {isa = PBXFileReference; fileEncoding = 4; lastKnownFileType = sourcecode.swift; path = DatePresenter.swift; sourceTree = "<group>"; };
		C2E29D8A1EDDD5DA003A993A /* Date.storyboard */ = {isa = PBXFileReference; fileEncoding = 4; lastKnownFileType = file.storyboard; path = Date.storyboard; sourceTree = "<group>"; };
		C2E29D8B1EDDD5DA003A993A /* DateView.swift */ = {isa = PBXFileReference; fileEncoding = 4; lastKnownFileType = sourcecode.swift; path = DateView.swift; sourceTree = "<group>"; };
		C2E29D8C1EDDD5DA003A993A /* DateViewController.swift */ = {isa = PBXFileReference; fileEncoding = 4; lastKnownFileType = sourcecode.swift; path = DateViewController.swift; sourceTree = "<group>"; };
		C2E29D941EDDD64D003A993A /* NewsRouter.swift */ = {isa = PBXFileReference; fileEncoding = 4; lastKnownFileType = sourcecode.swift; name = NewsRouter.swift; path = Sea/NewsRouter.swift; sourceTree = SOURCE_ROOT; };
		C2E29D961EDDD658003A993A /* NewsRouterImpl.swift */ = {isa = PBXFileReference; fileEncoding = 4; lastKnownFileType = sourcecode.swift; name = NewsRouterImpl.swift; path = Sea/NewsRouterImpl.swift; sourceTree = SOURCE_ROOT; };
		CF014DDDEB143E999C97F282 /* Pods-Sea.release.xcconfig */ = {isa = PBXFileReference; includeInIndex = 1; lastKnownFileType = text.xcconfig; name = "Pods-Sea.release.xcconfig"; path = "Pods/Target Support Files/Pods-Sea/Pods-Sea.release.xcconfig"; sourceTree = "<group>"; };
		F42216C014761ECEBE897224 /* Pods-SeaTests.debug.xcconfig */ = {isa = PBXFileReference; includeInIndex = 1; lastKnownFileType = text.xcconfig; name = "Pods-SeaTests.debug.xcconfig"; path = "Pods/Target Support Files/Pods-SeaTests/Pods-SeaTests.debug.xcconfig"; sourceTree = "<group>"; };
/* End PBXFileReference section */

/* Begin PBXFrameworksBuildPhase section */
		C2146EB71ED5ABC1007A613B /* Frameworks */ = {
			isa = PBXFrameworksBuildPhase;
			buildActionMask = 2147483647;
			files = (
				E4666AE7C68164ACFB61258E /* Pods_Sea.framework in Frameworks */,
			);
			runOnlyForDeploymentPostprocessing = 0;
		};
		C2146ECB1ED5ABC1007A613B /* Frameworks */ = {
			isa = PBXFrameworksBuildPhase;
			buildActionMask = 2147483647;
			files = (
				16FB8E6A7F5A37C888E25E8B /* Pods_SeaTests.framework in Frameworks */,
			);
			runOnlyForDeploymentPostprocessing = 0;
		};
/* End PBXFrameworksBuildPhase section */

/* Begin PBXGroup section */
		6D00B2BA0908A1A91463956E /* Frameworks */ = {
			isa = PBXGroup;
			children = (
				6C504D3414CD5078C48F1B58 /* Pods_Sea.framework */,
				BC6B6C5818E77A54D4B5F001 /* Pods_SeaTests.framework */,
			);
			name = Frameworks;
			sourceTree = "<group>";
		};
		C2146EB11ED5ABC1007A613B = {
			isa = PBXGroup;
			children = (
				C2146EBC1ED5ABC1007A613B /* Sea */,
				C2146ED11ED5ABC1007A613B /* SeaTests */,
				C2146EBB1ED5ABC1007A613B /* Products */,
				D47B4CD53B33D4F162EE188B /* Pods */,
				6D00B2BA0908A1A91463956E /* Frameworks */,
			);
			sourceTree = "<group>";
		};
		C2146EBB1ED5ABC1007A613B /* Products */ = {
			isa = PBXGroup;
			children = (
				C2146EBA1ED5ABC1007A613B /* Sea.app */,
				C2146ECE1ED5ABC1007A613B /* SeaTests.xctest */,
			);
			name = Products;
			sourceTree = "<group>";
		};
		C2146EBC1ED5ABC1007A613B /* Sea */ = {
			isa = PBXGroup;
			children = (
				C2E29D821EDDD5DA003A993A /* Date */,
				C2D62A301ED5D8BA0084E846 /* News */,
				C2146EBD1ED5ABC1007A613B /* AppDelegate.swift */,
				C2D62A391ED5DA510084E846 /* NewsApi.swift */,
				C2146EBF1ED5ABC1007A613B /* ViewController.swift */,
				C2146EC11ED5ABC1007A613B /* Main.storyboard */,
				C2146EC41ED5ABC1007A613B /* Assets.xcassets */,
				C2146EC61ED5ABC1007A613B /* LaunchScreen.storyboard */,
				C2146EC91ED5ABC1007A613B /* Info.plist */,
			);
			path = Sea;
			sourceTree = "<group>";
		};
		C2146ED11ED5ABC1007A613B /* SeaTests */ = {
			isa = PBXGroup;
			children = (
				C2146ED21ED5ABC1007A613B /* SeaTests.swift */,
				C2146ED41ED5ABC1007A613B /* Info.plist */,
			);
			path = SeaTests;
			sourceTree = "<group>";
		};
		C27D84A41EDED5340049DE7C /* Router */ = {
			isa = PBXGroup;
			children = (
				C27D84A51EDED5440049DE7C /* DateRouter.swift */,
				C27D84A71EDED56B0049DE7C /* DateRouterImpl.swift */,
			);
			path = Router;
			sourceTree = "<group>";
		};
		C2D62A301ED5D8BA0084E846 /* News */ = {
			isa = PBXGroup;
			children = (
				C2D62A311ED5D8D30084E846 /* Interactor */,
				C2D62A321ED5D8DF0084E846 /* Presenter */,
				C2D62A341ED5D8FE0084E846 /* Router */,
				C2D62A331ED5D8E80084E846 /* View */,
			);
			path = News;
			sourceTree = "<group>";
		};
		C2D62A311ED5D8D30084E846 /* Interactor */ = {
			isa = PBXGroup;
			children = (
				C2D62A351ED5D9400084E846 /* NewsInteractor.swift */,
				C2D62A3B1ED5DB430084E846 /* NewsInteractorImpl.swift */,
			);
			path = Interactor;
			sourceTree = "<group>";
		};
		C2D62A321ED5D8DF0084E846 /* Presenter */ = {
			isa = PBXGroup;
			children = (
				C2D62A3D1ED5DE8F0084E846 /* NewsPresenter.swift */,
			);
			path = Presenter;
			sourceTree = "<group>";
		};
		C2D62A331ED5D8E80084E846 /* View */ = {
			isa = PBXGroup;
			children = (
				C2E29D7C1EDDC893003A993A /* News.storyboard */,
				C2D62A371ED5D9CE0084E846 /* NewsView.swift */,
				C2D62A3F1ED5DECB0084E846 /* NewsViewController.swift */,
			);
			path = View;
			sourceTree = "<group>";
		};
		C2D62A341ED5D8FE0084E846 /* Router */ = {
			isa = PBXGroup;
			children = (
				C2E29D941EDDD64D003A993A /* NewsRouter.swift */,
				C2E29D961EDDD658003A993A /* NewsRouterImpl.swift */,
			);
			path = Router;
			sourceTree = "<group>";
		};
		C2E29D821EDDD5DA003A993A /* Date */ = {
			isa = PBXGroup;
			children = (
				C2E29D831EDDD5DA003A993A /* Interactor */,
				C2E29D861EDDD5DA003A993A /* Presenter */,
				C27D84A41EDED5340049DE7C /* Router */,
				C2E29D891EDDD5DA003A993A /* View */,
			);
			path = Date;
			sourceTree = "<group>";
		};
		C2E29D831EDDD5DA003A993A /* Interactor */ = {
			isa = PBXGroup;
			children = (
				C2E29D841EDDD5DA003A993A /* DateInteractor.swift */,
				C2E29D851EDDD5DA003A993A /* DateInteractorImpl.swift */,
			);
			path = Interactor;
			sourceTree = "<group>";
		};
		C2E29D861EDDD5DA003A993A /* Presenter */ = {
			isa = PBXGroup;
			children = (
				C2E29D871EDDD5DA003A993A /* DateModule.swift */,
				C2E29D881EDDD5DA003A993A /* DatePresenter.swift */,
			);
			path = Presenter;
			sourceTree = "<group>";
		};
		C2E29D891EDDD5DA003A993A /* View */ = {
			isa = PBXGroup;
			children = (
				C2E29D8A1EDDD5DA003A993A /* Date.storyboard */,
				C2E29D8B1EDDD5DA003A993A /* DateView.swift */,
				C2E29D8C1EDDD5DA003A993A /* DateViewController.swift */,
			);
			path = View;
			sourceTree = "<group>";
		};
		D47B4CD53B33D4F162EE188B /* Pods */ = {
			isa = PBXGroup;
			children = (
				AB3EE6775FAF7A452ECD8CF4 /* Pods-Sea.debug.xcconfig */,
				CF014DDDEB143E999C97F282 /* Pods-Sea.release.xcconfig */,
				F42216C014761ECEBE897224 /* Pods-SeaTests.debug.xcconfig */,
				191E3F37182B01CBD4CCCCC7 /* Pods-SeaTests.release.xcconfig */,
			);
			name = Pods;
			sourceTree = "<group>";
		};
/* End PBXGroup section */

/* Begin PBXNativeTarget section */
		C2146EB91ED5ABC1007A613B /* Sea */ = {
			isa = PBXNativeTarget;
			buildConfigurationList = C2146ED71ED5ABC1007A613B /* Build configuration list for PBXNativeTarget "Sea" */;
			buildPhases = (
				3E097B740B479CD84C161515 /* [CP] Check Pods Manifest.lock */,
				C2146EB61ED5ABC1007A613B /* Sources */,
				C2146EB71ED5ABC1007A613B /* Frameworks */,
				C2146EB81ED5ABC1007A613B /* Resources */,
				69137F313C47F5CA747652AA /* [CP] Embed Pods Frameworks */,
				87E3E985F43DEDE79B1CB48B /* [CP] Copy Pods Resources */,
			);
			buildRules = (
			);
			dependencies = (
			);
			name = Sea;
			productName = Sea;
			productReference = C2146EBA1ED5ABC1007A613B /* Sea.app */;
			productType = "com.apple.product-type.application";
		};
		C2146ECD1ED5ABC1007A613B /* SeaTests */ = {
			isa = PBXNativeTarget;
			buildConfigurationList = C2146EDA1ED5ABC1007A613B /* Build configuration list for PBXNativeTarget "SeaTests" */;
			buildPhases = (
				FBE20534F214410FD6B9525F /* [CP] Check Pods Manifest.lock */,
				C2146ECA1ED5ABC1007A613B /* Sources */,
				C2146ECB1ED5ABC1007A613B /* Frameworks */,
				C2146ECC1ED5ABC1007A613B /* Resources */,
				905748F65F4E0787281B07DC /* [CP] Embed Pods Frameworks */,
				80F86923243BB70EE7F0CDFB /* [CP] Copy Pods Resources */,
			);
			buildRules = (
			);
			dependencies = (
				C2146ED01ED5ABC1007A613B /* PBXTargetDependency */,
			);
			name = SeaTests;
			productName = SeaTests;
			productReference = C2146ECE1ED5ABC1007A613B /* SeaTests.xctest */;
			productType = "com.apple.product-type.bundle.unit-test";
		};
/* End PBXNativeTarget section */

/* Begin PBXProject section */
		C2146EB21ED5ABC1007A613B /* Project object */ = {
			isa = PBXProject;
			attributes = {
				LastSwiftUpdateCheck = 0830;
				LastUpgradeCheck = 0830;
				ORGANIZATIONNAME = Tutu.ru;
				TargetAttributes = {
					C2146EB91ED5ABC1007A613B = {
						CreatedOnToolsVersion = 8.3.2;
						DevelopmentTeam = 3V868FP58Z;
						ProvisioningStyle = Automatic;
					};
					C2146ECD1ED5ABC1007A613B = {
						CreatedOnToolsVersion = 8.3.2;
						DevelopmentTeam = 3V868FP58Z;
						ProvisioningStyle = Automatic;
						TestTargetID = C2146EB91ED5ABC1007A613B;
					};
				};
			};
			buildConfigurationList = C2146EB51ED5ABC1007A613B /* Build configuration list for PBXProject "Sea" */;
			compatibilityVersion = "Xcode 3.2";
			developmentRegion = English;
			hasScannedForEncodings = 0;
			knownRegions = (
				en,
				Base,
			);
			mainGroup = C2146EB11ED5ABC1007A613B;
			productRefGroup = C2146EBB1ED5ABC1007A613B /* Products */;
			projectDirPath = "";
			projectRoot = "";
			targets = (
				C2146EB91ED5ABC1007A613B /* Sea */,
				C2146ECD1ED5ABC1007A613B /* SeaTests */,
			);
		};
/* End PBXProject section */

/* Begin PBXResourcesBuildPhase section */
		C2146EB81ED5ABC1007A613B /* Resources */ = {
			isa = PBXResourcesBuildPhase;
			buildActionMask = 2147483647;
			files = (
				C2146EC81ED5ABC1007A613B /* LaunchScreen.storyboard in Resources */,
				C2146EC51ED5ABC1007A613B /* Assets.xcassets in Resources */,
				C2E29D7D1EDDC893003A993A /* News.storyboard in Resources */,
				C2E29D911EDDD5DA003A993A /* Date.storyboard in Resources */,
				C2146EC31ED5ABC1007A613B /* Main.storyboard in Resources */,
			);
			runOnlyForDeploymentPostprocessing = 0;
		};
		C2146ECC1ED5ABC1007A613B /* Resources */ = {
			isa = PBXResourcesBuildPhase;
			buildActionMask = 2147483647;
			files = (
			);
			runOnlyForDeploymentPostprocessing = 0;
		};
/* End PBXResourcesBuildPhase section */

/* Begin PBXShellScriptBuildPhase section */
		3E097B740B479CD84C161515 /* [CP] Check Pods Manifest.lock */ = {
			isa = PBXShellScriptBuildPhase;
			buildActionMask = 2147483647;
			files = (
			);
			inputPaths = (
			);
			name = "[CP] Check Pods Manifest.lock";
			outputPaths = (
			);
			runOnlyForDeploymentPostprocessing = 0;
			shellPath = /bin/sh;
			shellScript = "diff \"${PODS_ROOT}/../Podfile.lock\" \"${PODS_ROOT}/Manifest.lock\" > /dev/null\nif [ $? != 0 ] ; then\n    # print error to STDERR\n    echo \"error: The sandbox is not in sync with the Podfile.lock. Run 'pod install' or update your CocoaPods installation.\" >&2\n    exit 1\nfi\n";
			showEnvVarsInLog = 0;
		};
		69137F313C47F5CA747652AA /* [CP] Embed Pods Frameworks */ = {
			isa = PBXShellScriptBuildPhase;
			buildActionMask = 2147483647;
			files = (
			);
			inputPaths = (
			);
			name = "[CP] Embed Pods Frameworks";
			outputPaths = (
			);
			runOnlyForDeploymentPostprocessing = 0;
			shellPath = /bin/sh;
			shellScript = "\"${SRCROOT}/Pods/Target Support Files/Pods-Sea/Pods-Sea-frameworks.sh\"\n";
			showEnvVarsInLog = 0;
		};
		80F86923243BB70EE7F0CDFB /* [CP] Copy Pods Resources */ = {
			isa = PBXShellScriptBuildPhase;
			buildActionMask = 2147483647;
			files = (
			);
			inputPaths = (
			);
			name = "[CP] Copy Pods Resources";
			outputPaths = (
			);
			runOnlyForDeploymentPostprocessing = 0;
			shellPath = /bin/sh;
			shellScript = "\"${SRCROOT}/Pods/Target Support Files/Pods-SeaTests/Pods-SeaTests-resources.sh\"\n";
			showEnvVarsInLog = 0;
		};
		87E3E985F43DEDE79B1CB48B /* [CP] Copy Pods Resources */ = {
			isa = PBXShellScriptBuildPhase;
			buildActionMask = 2147483647;
			files = (
			);
			inputPaths = (
			);
			name = "[CP] Copy Pods Resources";
			outputPaths = (
			);
			runOnlyForDeploymentPostprocessing = 0;
			shellPath = /bin/sh;
			shellScript = "\"${SRCROOT}/Pods/Target Support Files/Pods-Sea/Pods-Sea-resources.sh\"\n";
			showEnvVarsInLog = 0;
		};
		905748F65F4E0787281B07DC /* [CP] Embed Pods Frameworks */ = {
			isa = PBXShellScriptBuildPhase;
			buildActionMask = 2147483647;
			files = (
			);
			inputPaths = (
			);
			name = "[CP] Embed Pods Frameworks";
			outputPaths = (
			);
			runOnlyForDeploymentPostprocessing = 0;
			shellPath = /bin/sh;
			shellScript = "\"${SRCROOT}/Pods/Target Support Files/Pods-SeaTests/Pods-SeaTests-frameworks.sh\"\n";
			showEnvVarsInLog = 0;
		};
		FBE20534F214410FD6B9525F /* [CP] Check Pods Manifest.lock */ = {
			isa = PBXShellScriptBuildPhase;
			buildActionMask = 2147483647;
			files = (
			);
			inputPaths = (
			);
			name = "[CP] Check Pods Manifest.lock";
			outputPaths = (
			);
			runOnlyForDeploymentPostprocessing = 0;
			shellPath = /bin/sh;
			shellScript = "diff \"${PODS_ROOT}/../Podfile.lock\" \"${PODS_ROOT}/Manifest.lock\" > /dev/null\nif [ $? != 0 ] ; then\n    # print error to STDERR\n    echo \"error: The sandbox is not in sync with the Podfile.lock. Run 'pod install' or update your CocoaPods installation.\" >&2\n    exit 1\nfi\n";
			showEnvVarsInLog = 0;
		};
/* End PBXShellScriptBuildPhase section */

/* Begin PBXSourcesBuildPhase section */
		C2146EB61ED5ABC1007A613B /* Sources */ = {
			isa = PBXSourcesBuildPhase;
			buildActionMask = 2147483647;
			files = (
				C2E29D931EDDD5DA003A993A /* DateViewController.swift in Sources */,
				C27D84A61EDED5440049DE7C /* DateRouter.swift in Sources */,
				C2E29D921EDDD5DA003A993A /* DateView.swift in Sources */,
				C2D62A3A1ED5DA510084E846 /* NewsApi.swift in Sources */,
				C2D62A3C1ED5DB430084E846 /* NewsInteractorImpl.swift in Sources */,
				C2E29D901EDDD5DA003A993A /* DatePresenter.swift in Sources */,
				C2E29D8F1EDDD5DA003A993A /* DateModule.swift in Sources */,
				C2E29D8E1EDDD5DA003A993A /* DateInteractorImpl.swift in Sources */,
				C2E29D8D1EDDD5DA003A993A /* DateInteractor.swift in Sources */,
				C2D62A3E1ED5DE8F0084E846 /* NewsPresenter.swift in Sources */,
				C2146EC01ED5ABC1007A613B /* ViewController.swift in Sources */,
				C2D62A381ED5D9CE0084E846 /* NewsView.swift in Sources */,
				C2146EBE1ED5ABC1007A613B /* AppDelegate.swift in Sources */,
				C2D62A361ED5D9400084E846 /* NewsInteractor.swift in Sources */,
				C27D84A81EDED56B0049DE7C /* DateRouterImpl.swift in Sources */,
				C2E29D951EDDD64D003A993A /* NewsRouter.swift in Sources */,
				C2D62A401ED5DECB0084E846 /* NewsViewController.swift in Sources */,
				C2E29D971EDDD658003A993A /* NewsRouterImpl.swift in Sources */,
			);
			runOnlyForDeploymentPostprocessing = 0;
		};
		C2146ECA1ED5ABC1007A613B /* Sources */ = {
			isa = PBXSourcesBuildPhase;
			buildActionMask = 2147483647;
			files = (
				C2146ED31ED5ABC1007A613B /* SeaTests.swift in Sources */,
			);
			runOnlyForDeploymentPostprocessing = 0;
		};
/* End PBXSourcesBuildPhase section */

/* Begin PBXTargetDependency section */
		C2146ED01ED5ABC1007A613B /* PBXTargetDependency */ = {
			isa = PBXTargetDependency;
			target = C2146EB91ED5ABC1007A613B /* Sea */;
			targetProxy = C2146ECF1ED5ABC1007A613B /* PBXContainerItemProxy */;
		};
/* End PBXTargetDependency section */

/* Begin PBXVariantGroup section */
		C2146EC11ED5ABC1007A613B /* Main.storyboard */ = {
			isa = PBXVariantGroup;
			children = (
				C2146EC21ED5ABC1007A613B /* Base */,
			);
			name = Main.storyboard;
			sourceTree = "<group>";
		};
		C2146EC61ED5ABC1007A613B /* LaunchScreen.storyboard */ = {
			isa = PBXVariantGroup;
			children = (
				C2146EC71ED5ABC1007A613B /* Base */,
			);
			name = LaunchScreen.storyboard;
			sourceTree = "<group>";
		};
/* End PBXVariantGroup section */

/* Begin XCBuildConfiguration section */
		C2146ED51ED5ABC1007A613B /* Debug */ = {
			isa = XCBuildConfiguration;
			buildSettings = {
				ALWAYS_SEARCH_USER_PATHS = NO;
				CLANG_ANALYZER_NONNULL = YES;
				CLANG_ANALYZER_NUMBER_OBJECT_CONVERSION = YES_AGGRESSIVE;
				CLANG_CXX_LANGUAGE_STANDARD = "gnu++0x";
				CLANG_CXX_LIBRARY = "libc++";
				CLANG_ENABLE_MODULES = YES;
				CLANG_ENABLE_OBJC_ARC = YES;
				CLANG_WARN_BOOL_CONVERSION = YES;
				CLANG_WARN_CONSTANT_CONVERSION = YES;
				CLANG_WARN_DIRECT_OBJC_ISA_USAGE = YES_ERROR;
				CLANG_WARN_DOCUMENTATION_COMMENTS = YES;
				CLANG_WARN_EMPTY_BODY = YES;
				CLANG_WARN_ENUM_CONVERSION = YES;
				CLANG_WARN_INFINITE_RECURSION = YES;
				CLANG_WARN_INT_CONVERSION = YES;
				CLANG_WARN_OBJC_ROOT_CLASS = YES_ERROR;
				CLANG_WARN_SUSPICIOUS_MOVE = YES;
				CLANG_WARN_UNREACHABLE_CODE = YES;
				CLANG_WARN__DUPLICATE_METHOD_MATCH = YES;
				"CODE_SIGN_IDENTITY[sdk=iphoneos*]" = "iPhone Developer";
				COPY_PHASE_STRIP = NO;
				DEBUG_INFORMATION_FORMAT = dwarf;
				ENABLE_STRICT_OBJC_MSGSEND = YES;
				ENABLE_TESTABILITY = YES;
				GCC_C_LANGUAGE_STANDARD = gnu99;
				GCC_DYNAMIC_NO_PIC = NO;
				GCC_NO_COMMON_BLOCKS = YES;
				GCC_OPTIMIZATION_LEVEL = 0;
				GCC_PREPROCESSOR_DEFINITIONS = (
					"DEBUG=1",
					"$(inherited)",
				);
				GCC_WARN_64_TO_32_BIT_CONVERSION = YES;
				GCC_WARN_ABOUT_RETURN_TYPE = YES_ERROR;
				GCC_WARN_UNDECLARED_SELECTOR = YES;
				GCC_WARN_UNINITIALIZED_AUTOS = YES_AGGRESSIVE;
				GCC_WARN_UNUSED_FUNCTION = YES;
				GCC_WARN_UNUSED_VARIABLE = YES;
				IPHONEOS_DEPLOYMENT_TARGET = 10.3;
				MTL_ENABLE_DEBUG_INFO = YES;
				ONLY_ACTIVE_ARCH = YES;
				SDKROOT = iphoneos;
				SWIFT_ACTIVE_COMPILATION_CONDITIONS = DEBUG;
				SWIFT_OPTIMIZATION_LEVEL = "-Onone";
				TARGETED_DEVICE_FAMILY = "1,2";
			};
			name = Debug;
		};
		C2146ED61ED5ABC1007A613B /* Release */ = {
			isa = XCBuildConfiguration;
			buildSettings = {
				ALWAYS_SEARCH_USER_PATHS = NO;
				CLANG_ANALYZER_NONNULL = YES;
				CLANG_ANALYZER_NUMBER_OBJECT_CONVERSION = YES_AGGRESSIVE;
				CLANG_CXX_LANGUAGE_STANDARD = "gnu++0x";
				CLANG_CXX_LIBRARY = "libc++";
				CLANG_ENABLE_MODULES = YES;
				CLANG_ENABLE_OBJC_ARC = YES;
				CLANG_WARN_BOOL_CONVERSION = YES;
				CLANG_WARN_CONSTANT_CONVERSION = YES;
				CLANG_WARN_DIRECT_OBJC_ISA_USAGE = YES_ERROR;
				CLANG_WARN_DOCUMENTATION_COMMENTS = YES;
				CLANG_WARN_EMPTY_BODY = YES;
				CLANG_WARN_ENUM_CONVERSION = YES;
				CLANG_WARN_INFINITE_RECURSION = YES;
				CLANG_WARN_INT_CONVERSION = YES;
				CLANG_WARN_OBJC_ROOT_CLASS = YES_ERROR;
				CLANG_WARN_SUSPICIOUS_MOVE = YES;
				CLANG_WARN_UNREACHABLE_CODE = YES;
				CLANG_WARN__DUPLICATE_METHOD_MATCH = YES;
				"CODE_SIGN_IDENTITY[sdk=iphoneos*]" = "iPhone Developer";
				COPY_PHASE_STRIP = NO;
				DEBUG_INFORMATION_FORMAT = "dwarf-with-dsym";
				ENABLE_NS_ASSERTIONS = NO;
				ENABLE_STRICT_OBJC_MSGSEND = YES;
				GCC_C_LANGUAGE_STANDARD = gnu99;
				GCC_NO_COMMON_BLOCKS = YES;
				GCC_WARN_64_TO_32_BIT_CONVERSION = YES;
				GCC_WARN_ABOUT_RETURN_TYPE = YES_ERROR;
				GCC_WARN_UNDECLARED_SELECTOR = YES;
				GCC_WARN_UNINITIALIZED_AUTOS = YES_AGGRESSIVE;
				GCC_WARN_UNUSED_FUNCTION = YES;
				GCC_WARN_UNUSED_VARIABLE = YES;
				IPHONEOS_DEPLOYMENT_TARGET = 10.3;
				MTL_ENABLE_DEBUG_INFO = NO;
				SDKROOT = iphoneos;
				SWIFT_OPTIMIZATION_LEVEL = "-Owholemodule";
				TARGETED_DEVICE_FAMILY = "1,2";
				VALIDATE_PRODUCT = YES;
			};
			name = Release;
		};
		C2146ED81ED5ABC1007A613B /* Debug */ = {
			isa = XCBuildConfiguration;
			baseConfigurationReference = AB3EE6775FAF7A452ECD8CF4 /* Pods-Sea.debug.xcconfig */;
			buildSettings = {
				ASSETCATALOG_COMPILER_APPICON_NAME = AppIcon;
				DEVELOPMENT_TEAM = 3V868FP58Z;
				INFOPLIST_FILE = Sea/Info.plist;
				LD_RUNPATH_SEARCH_PATHS = "$(inherited) @executable_path/Frameworks";
				PRODUCT_BUNDLE_IDENTIFIER = ru.tutu.Sea;
				PRODUCT_NAME = "$(TARGET_NAME)";
				SWIFT_VERSION = 3.0;
			};
			name = Debug;
		};
		C2146ED91ED5ABC1007A613B /* Release */ = {
			isa = XCBuildConfiguration;
			baseConfigurationReference = CF014DDDEB143E999C97F282 /* Pods-Sea.release.xcconfig */;
			buildSettings = {
				ASSETCATALOG_COMPILER_APPICON_NAME = AppIcon;
				DEVELOPMENT_TEAM = 3V868FP58Z;
				INFOPLIST_FILE = Sea/Info.plist;
				LD_RUNPATH_SEARCH_PATHS = "$(inherited) @executable_path/Frameworks";
				PRODUCT_BUNDLE_IDENTIFIER = ru.tutu.Sea;
				PRODUCT_NAME = "$(TARGET_NAME)";
				SWIFT_VERSION = 3.0;
			};
			name = Release;
		};
		C2146EDB1ED5ABC1007A613B /* Debug */ = {
			isa = XCBuildConfiguration;
			baseConfigurationReference = F42216C014761ECEBE897224 /* Pods-SeaTests.debug.xcconfig */;
			buildSettings = {
				ALWAYS_EMBED_SWIFT_STANDARD_LIBRARIES = YES;
				BUNDLE_LOADER = "$(TEST_HOST)";
				DEVELOPMENT_TEAM = 3V868FP58Z;
				INFOPLIST_FILE = SeaTests/Info.plist;
				LD_RUNPATH_SEARCH_PATHS = "$(inherited) @executable_path/Frameworks @loader_path/Frameworks";
				PRODUCT_BUNDLE_IDENTIFIER = ru.tutu.SeaTests;
				PRODUCT_NAME = "$(TARGET_NAME)";
				SWIFT_VERSION = 3.0;
				TEST_HOST = "$(BUILT_PRODUCTS_DIR)/Sea.app/Sea";
			};
			name = Debug;
		};
		C2146EDC1ED5ABC1007A613B /* Release */ = {
			isa = XCBuildConfiguration;
			baseConfigurationReference = 191E3F37182B01CBD4CCCCC7 /* Pods-SeaTests.release.xcconfig */;
			buildSettings = {
				ALWAYS_EMBED_SWIFT_STANDARD_LIBRARIES = YES;
				BUNDLE_LOADER = "$(TEST_HOST)";
				DEVELOPMENT_TEAM = 3V868FP58Z;
				INFOPLIST_FILE = SeaTests/Info.plist;
				LD_RUNPATH_SEARCH_PATHS = "$(inherited) @executable_path/Frameworks @loader_path/Frameworks";
				PRODUCT_BUNDLE_IDENTIFIER = ru.tutu.SeaTests;
				PRODUCT_NAME = "$(TARGET_NAME)";
				SWIFT_VERSION = 3.0;
				TEST_HOST = "$(BUILT_PRODUCTS_DIR)/Sea.app/Sea";
			};
			name = Release;
		};
/* End XCBuildConfiguration section */

/* Begin XCConfigurationList section */
		C2146EB51ED5ABC1007A613B /* Build configuration list for PBXProject "Sea" */ = {
			isa = XCConfigurationList;
			buildConfigurations = (
				C2146ED51ED5ABC1007A613B /* Debug */,
				C2146ED61ED5ABC1007A613B /* Release */,
			);
			defaultConfigurationIsVisible = 0;
			defaultConfigurationName = Release;
		};
		C2146ED71ED5ABC1007A613B /* Build configuration list for PBXNativeTarget "Sea" */ = {
			isa = XCConfigurationList;
			buildConfigurations = (
				C2146ED81ED5ABC1007A613B /* Debug */,
				C2146ED91ED5ABC1007A613B /* Release */,
			);
			defaultConfigurationIsVisible = 0;
			defaultConfigurationName = Release;
		};
		C2146EDA1ED5ABC1007A613B /* Build configuration list for PBXNativeTarget "SeaTests" */ = {
			isa = XCConfigurationList;
			buildConfigurations = (
				C2146EDB1ED5ABC1007A613B /* Debug */,
				C2146EDC1ED5ABC1007A613B /* Release */,
			);
			defaultConfigurationIsVisible = 0;
			defaultConfigurationName = Release;
		};
/* End XCConfigurationList section */
	};
	rootObject = C2146EB21ED5ABC1007A613B /* Project object */;
}
