// !$*UTF8*$!
{
	archiveVersion = 1;
	classes = {
	};
	objectVersion = 46;
	objects = {

/* Begin PBXBuildFile section */
		C2146EBE1ED5ABC1007A613B /* AppDelegate.swift in Sources */ = {isa = PBXBuildFile; fileRef = C2146EBD1ED5ABC1007A613B /* AppDelegate.swift */; };
		C2146EC01ED5ABC1007A613B /* ViewController.swift in Sources */ = {isa = PBXBuildFile; fileRef = C2146EBF1ED5ABC1007A613B /* ViewController.swift */; };
		C2146EC31ED5ABC1007A613B /* Main.storyboard in Resources */ = {isa = PBXBuildFile; fileRef = C2146EC11ED5ABC1007A613B /* Main.storyboard */; };
		C2146EC51ED5ABC1007A613B /* Assets.xcassets in Resources */ = {isa = PBXBuildFile; fileRef = C2146EC41ED5ABC1007A613B /* Assets.xcassets */; };
		C2146EC81ED5ABC1007A613B /* LaunchScreen.storyboard in Resources */ = {isa = PBXBuildFile; fileRef = C2146EC61ED5ABC1007A613B /* LaunchScreen.storyboard */; };
		C2146ED31ED5ABC1007A613B /* SeaTests.swift in Sources */ = {isa = PBXBuildFile; fileRef = C2146ED21ED5ABC1007A613B /* SeaTests.swift */; };
/* End PBXBuildFile section */

/* Begin PBXContainerItemProxy section */
		C2146ECF1ED5ABC1007A613B /* PBXContainerItemProxy */ = {
			isa = PBXContainerItemProxy;
			containerPortal = C2146EB21ED5ABC1007A613B /* Project object */;
			proxyType = 1;
			remoteGlobalIDString = C2146EB91ED5ABC1007A613B;
			remoteInfo = Sea;
		};
/* End PBXContainerItemProxy section */

/* Begin PBXFileReference section */
		C2146EBA1ED5ABC1007A613B /* Sea.app */ = {isa = PBXFileReference; explicitFileType = wrapper.application; includeInIndex = 0; path = Sea.app; sourceTree = BUILT_PRODUCTS_DIR; };
		C2146EBD1ED5ABC1007A613B /* AppDelegate.swift */ = {isa = PBXFileReference; lastKnownFileType = sourcecode.swift; path = AppDelegate.swift; sourceTree = "<group>"; };
		C2146EBF1ED5ABC1007A613B /* ViewController.swift */ = {isa = PBXFileReference; lastKnownFileType = sourcecode.swift; path = ViewController.swift; sourceTree = "<group>"; };
		C2146EC21ED5ABC1007A613B /* Base */ = {isa = PBXFileReference; lastKnownFileType = file.storyboard; name = Base; path = Base.lproj/Main.storyboard; sourceTree = "<group>"; };
		C2146EC41ED5ABC1007A613B /* Assets.xcassets */ = {isa = PBXFileReference; lastKnownFileType = folder.assetcatalog; path = Assets.xcassets; sourceTree = "<group>"; };
		C2146EC71ED5ABC1007A613B /* Base */ = {isa = PBXFileReference; lastKnownFileType = file.storyboard; name = Base; path = Base.lproj/LaunchScreen.storyboard; sourceTree = "<group>"; };
		C2146EC91ED5ABC1007A613B /* Info.plist */ = {isa = PBXFileReference; lastKnownFileType = text.plist.xml; path = Info.plist; sourceTree = "<group>"; };
		C2146ECE1ED5ABC1007A613B /* SeaTests.xctest */ = {isa = PBXFileReference; explicitFileType = wrapper.cfbundle; includeInIndex = 0; path = SeaTests.xctest; sourceTree = BUILT_PRODUCTS_DIR; };
		C2146ED21ED5ABC1007A613B /* SeaTests.swift */ = {isa = PBXFileReference; lastKnownFileType = sourcecode.swift; path = SeaTests.swift; sourceTree = "<group>"; };
		C2146ED41ED5ABC1007A613B /* Info.plist */ = {isa = PBXFileReference; lastKnownFileType = text.plist.xml; path = Info.plist; sourceTree = "<group>"; };
/* End PBXFileReference section */

/* Begin PBXFrameworksBuildPhase section */
		C2146EB71ED5ABC1007A613B /* Frameworks */ = {
			isa = PBXFrameworksBuildPhase;
			buildActionMask = 2147483647;
			files = (
			);
			runOnlyForDeploymentPostprocessing = 0;
		};
		C2146ECB1ED5ABC1007A613B /* Frameworks */ = {
			isa = PBXFrameworksBuildPhase;
			buildActionMask = 2147483647;
			files = (
			);
			runOnlyForDeploymentPostprocessing = 0;
		};
/* End PBXFrameworksBuildPhase section */

/* Begin PBXGroup section */
		C2146EB11ED5ABC1007A613B = {
			isa = PBXGroup;
			children = (
				C2146EBC1ED5ABC1007A613B /* Sea */,
				C2146ED11ED5ABC1007A613B /* SeaTests */,
				C2146EBB1ED5ABC1007A613B /* Products */,
			);
			sourceTree = "<group>";
		};
		C2146EBB1ED5ABC1007A613B /* Products */ = {
			isa = PBXGroup;
			children = (
				C2146EBA1ED5ABC1007A613B /* Sea.app */,
				C2146ECE1ED5ABC1007A613B /* SeaTests.xctest */,
			);
			name = Products;
			sourceTree = "<group>";
		};
		C2146EBC1ED5ABC1007A613B /* Sea */ = {
			isa = PBXGroup;
			children = (
				C2146EBD1ED5ABC1007A613B /* AppDelegate.swift */,
				C2146EBF1ED5ABC1007A613B /* ViewController.swift */,
				C2146EC11ED5ABC1007A613B /* Main.storyboard */,
				C2146EC41ED5ABC1007A613B /* Assets.xcassets */,
				C2146EC61ED5ABC1007A613B /* LaunchScreen.storyboard */,
				C2146EC91ED5ABC1007A613B /* Info.plist */,
			);
			path = Sea;
			sourceTree = "<group>";
		};
		C2146ED11ED5ABC1007A613B /* SeaTests */ = {
			isa = PBXGroup;
			children = (
				C2146ED21ED5ABC1007A613B /* SeaTests.swift */,
				C2146ED41ED5ABC1007A613B /* Info.plist */,
			);
			path = SeaTests;
			sourceTree = "<group>";
		};
/* End PBXGroup section */

/* Begin PBXNativeTarget section */
		C2146EB91ED5ABC1007A613B /* Sea */ = {
			isa = PBXNativeTarget;
			buildConfigurationList = C2146ED71ED5ABC1007A613B /* Build configuration list for PBXNativeTarget "Sea" */;
			buildPhases = (
				C2146EB61ED5ABC1007A613B /* Sources */,
				C2146EB71ED5ABC1007A613B /* Frameworks */,
				C2146EB81ED5ABC1007A613B /* Resources */,
			);
			buildRules = (
			);
			dependencies = (
			);
			name = Sea;
			productName = Sea;
			productReference = C2146EBA1ED5ABC1007A613B /* Sea.app */;
			productType = "com.apple.product-type.application";
		};
		C2146ECD1ED5ABC1007A613B /* SeaTests */ = {
			isa = PBXNativeTarget;
			buildConfigurationList = C2146EDA1ED5ABC1007A613B /* Build configuration list for PBXNativeTarget "SeaTests" */;
			buildPhases = (
				C2146ECA1ED5ABC1007A613B /* Sources */,
				C2146ECB1ED5ABC1007A613B /* Frameworks */,
				C2146ECC1ED5ABC1007A613B /* Resources */,
			);
			buildRules = (
			);
			dependencies = (
				C2146ED01ED5ABC1007A613B /* PBXTargetDependency */,
			);
			name = SeaTests;
			productName = SeaTests;
			productReference = C2146ECE1ED5ABC1007A613B /* SeaTests.xctest */;
			productType = "com.apple.product-type.bundle.unit-test";
		};
/* End PBXNativeTarget section */

/* Begin PBXProject section */
		C2146EB21ED5ABC1007A613B /* Project object */ = {
			isa = PBXProject;
			attributes = {
				LastSwiftUpdateCheck = 0830;
				LastUpgradeCheck = 0830;
				ORGANIZATIONNAME = Tutu.ru;
				TargetAttributes = {
					C2146EB91ED5ABC1007A613B = {
						CreatedOnToolsVersion = 8.3.2;
						DevelopmentTeam = 3V868FP58Z;
						ProvisioningStyle = Automatic;
					};
					C2146ECD1ED5ABC1007A613B = {
						CreatedOnToolsVersion = 8.3.2;
						DevelopmentTeam = 3V868FP58Z;
						ProvisioningStyle = Automatic;
						TestTargetID = C2146EB91ED5ABC1007A613B;
					};
				};
			};
			buildConfigurationList = C2146EB51ED5ABC1007A613B /* Build configuration list for PBXProject "Sea" */;
			compatibilityVersion = "Xcode 3.2";
			developmentRegion = English;
			hasScannedForEncodings = 0;
			knownRegions = (
				en,
				Base,
			);
			mainGroup = C2146EB11ED5ABC1007A613B;
			productRefGroup = C2146EBB1ED5ABC1007A613B /* Products */;
			projectDirPath = "";
			projectRoot = "";
			targets = (
				C2146EB91ED5ABC1007A613B /* Sea */,
				C2146ECD1ED5ABC1007A613B /* SeaTests */,
			);
		};
/* End PBXProject section */

/* Begin PBXResourcesBuildPhase section */
		C2146EB81ED5ABC1007A613B /* Resources */ = {
			isa = PBXResourcesBuildPhase;
			buildActionMask = 2147483647;
			files = (
				C2146EC81ED5ABC1007A613B /* LaunchScreen.storyboard in Resources */,
				C2146EC51ED5ABC1007A613B /* Assets.xcassets in Resources */,
				C2146EC31ED5ABC1007A613B /* Main.storyboard in Resources */,
			);
			runOnlyForDeploymentPostprocessing = 0;
		};
		C2146ECC1ED5ABC1007A613B /* Resources */ = {
			isa = PBXResourcesBuildPhase;
			buildActionMask = 2147483647;
			files = (
			);
			runOnlyForDeploymentPostprocessing = 0;
		};
/* End PBXResourcesBuildPhase section */

/* Begin PBXSourcesBuildPhase section */
		C2146EB61ED5ABC1007A613B /* Sources */ = {
			isa = PBXSourcesBuildPhase;
			buildActionMask = 2147483647;
			files = (
				C2146EC01ED5ABC1007A613B /* ViewController.swift in Sources */,
				C2146EBE1ED5ABC1007A613B /* AppDelegate.swift in Sources */,
			);
			runOnlyForDeploymentPostprocessing = 0;
		};
		C2146ECA1ED5ABC1007A613B /* Sources */ = {
			isa = PBXSourcesBuildPhase;
			buildActionMask = 2147483647;
			files = (
				C2146ED31ED5ABC1007A613B /* SeaTests.swift in Sources */,
			);
			runOnlyForDeploymentPostprocessing = 0;
		};
/* End PBXSourcesBuildPhase section */

/* Begin PBXTargetDependency section */
		C2146ED01ED5ABC1007A613B /* PBXTargetDependency */ = {
			isa = PBXTargetDependency;
			target = C2146EB91ED5ABC1007A613B /* Sea */;
			targetProxy = C2146ECF1ED5ABC1007A613B /* PBXContainerItemProxy */;
		};
/* End PBXTargetDependency section */

/* Begin PBXVariantGroup section */
		C2146EC11ED5ABC1007A613B /* Main.storyboard */ = {
			isa = PBXVariantGroup;
			children = (
				C2146EC21ED5ABC1007A613B /* Base */,
			);
			name = Main.storyboard;
			sourceTree = "<group>";
		};
		C2146EC61ED5ABC1007A613B /* LaunchScreen.storyboard */ = {
			isa = PBXVariantGroup;
			children = (
				C2146EC71ED5ABC1007A613B /* Base */,
			);
			name = LaunchScreen.storyboard;
			sourceTree = "<group>";
		};
/* End PBXVariantGroup section */

/* Begin XCBuildConfiguration section */
		C2146ED51ED5ABC1007A613B /* Debug */ = {
			isa = XCBuildConfiguration;
			buildSettings = {
				ALWAYS_SEARCH_USER_PATHS = NO;
				CLANG_ANALYZER_NONNULL = YES;
				CLANG_ANALYZER_NUMBER_OBJECT_CONVERSION = YES_AGGRESSIVE;
				CLANG_CXX_LANGUAGE_STANDARD = "gnu++0x";
				CLANG_CXX_LIBRARY = "libc++";
				CLANG_ENABLE_MODULES = YES;
				CLANG_ENABLE_OBJC_ARC = YES;
				CLANG_WARN_BOOL_CONVERSION = YES;
				CLANG_WARN_CONSTANT_CONVERSION = YES;
				CLANG_WARN_DIRECT_OBJC_ISA_USAGE = YES_ERROR;
				CLANG_WARN_DOCUMENTATION_COMMENTS = YES;
				CLANG_WARN_EMPTY_BODY = YES;
				CLANG_WARN_ENUM_CONVERSION = YES;
				CLANG_WARN_INFINITE_RECURSION = YES;
				CLANG_WARN_INT_CONVERSION = YES;
				CLANG_WARN_OBJC_ROOT_CLASS = YES_ERROR;
				CLANG_WARN_SUSPICIOUS_MOVE = YES;
				CLANG_WARN_UNREACHABLE_CODE = YES;
				CLANG_WARN__DUPLICATE_METHOD_MATCH = YES;
				"CODE_SIGN_IDENTITY[sdk=iphoneos*]" = "iPhone Developer";
				COPY_PHASE_STRIP = NO;
				DEBUG_INFORMATION_FORMAT = dwarf;
				ENABLE_STRICT_OBJC_MSGSEND = YES;
				ENABLE_TESTABILITY = YES;
				GCC_C_LANGUAGE_STANDARD = gnu99;
				GCC_DYNAMIC_NO_PIC = NO;
				GCC_NO_COMMON_BLOCKS = YES;
				GCC_OPTIMIZATION_LEVEL = 0;
				GCC_PREPROCESSOR_DEFINITIONS = (
					"DEBUG=1",
					"$(inherited)",
				);
				GCC_WARN_64_TO_32_BIT_CONVERSION = YES;
				GCC_WARN_ABOUT_RETURN_TYPE = YES_ERROR;
				GCC_WARN_UNDECLARED_SELECTOR = YES;
				GCC_WARN_UNINITIALIZED_AUTOS = YES_AGGRESSIVE;
				GCC_WARN_UNUSED_FUNCTION = YES;
				GCC_WARN_UNUSED_VARIABLE = YES;
				IPHONEOS_DEPLOYMENT_TARGET = 10.3;
				MTL_ENABLE_DEBUG_INFO = YES;
				ONLY_ACTIVE_ARCH = YES;
				SDKROOT = iphoneos;
				SWIFT_ACTIVE_COMPILATION_CONDITIONS = DEBUG;
				SWIFT_OPTIMIZATION_LEVEL = "-Onone";
				TARGETED_DEVICE_FAMILY = "1,2";
			};
			name = Debug;
		};
		C2146ED61ED5ABC1007A613B /* Release */ = {
			isa = XCBuildConfiguration;
			buildSettings = {
				ALWAYS_SEARCH_USER_PATHS = NO;
				CLANG_ANALYZER_NONNULL = YES;
				CLANG_ANALYZER_NUMBER_OBJECT_CONVERSION = YES_AGGRESSIVE;
				CLANG_CXX_LANGUAGE_STANDARD = "gnu++0x";
				CLANG_CXX_LIBRARY = "libc++";
				CLANG_ENABLE_MODULES = YES;
				CLANG_ENABLE_OBJC_ARC = YES;
				CLANG_WARN_BOOL_CONVERSION = YES;
				CLANG_WARN_CONSTANT_CONVERSION = YES;
				CLANG_WARN_DIRECT_OBJC_ISA_USAGE = YES_ERROR;
				CLANG_WARN_DOCUMENTATION_COMMENTS = YES;
				CLANG_WARN_EMPTY_BODY = YES;
				CLANG_WARN_ENUM_CONVERSION = YES;
				CLANG_WARN_INFINITE_RECURSION = YES;
				CLANG_WARN_INT_CONVERSION = YES;
				CLANG_WARN_OBJC_ROOT_CLASS = YES_ERROR;
				CLANG_WARN_SUSPICIOUS_MOVE = YES;
				CLANG_WARN_UNREACHABLE_CODE = YES;
				CLANG_WARN__DUPLICATE_METHOD_MATCH = YES;
				"CODE_SIGN_IDENTITY[sdk=iphoneos*]" = "iPhone Developer";
				COPY_PHASE_STRIP = NO;
				DEBUG_INFORMATION_FORMAT = "dwarf-with-dsym";
				ENABLE_NS_ASSERTIONS = NO;
				ENABLE_STRICT_OBJC_MSGSEND = YES;
				GCC_C_LANGUAGE_STANDARD = gnu99;
				GCC_NO_COMMON_BLOCKS = YES;
				GCC_WARN_64_TO_32_BIT_CONVERSION = YES;
				GCC_WARN_ABOUT_RETURN_TYPE = YES_ERROR;
				GCC_WARN_UNDECLARED_SELECTOR = YES;
				GCC_WARN_UNINITIALIZED_AUTOS = YES_AGGRESSIVE;
				GCC_WARN_UNUSED_FUNCTION = YES;
				GCC_WARN_UNUSED_VARIABLE = YES;
				IPHONEOS_DEPLOYMENT_TARGET = 10.3;
				MTL_ENABLE_DEBUG_INFO = NO;
				SDKROOT = iphoneos;
				SWIFT_OPTIMIZATION_LEVEL = "-Owholemodule";
				TARGETED_DEVICE_FAMILY = "1,2";
				VALIDATE_PRODUCT = YES;
			};
			name = Release;
		};
		C2146ED81ED5ABC1007A613B /* Debug */ = {
			isa = XCBuildConfiguration;
			buildSettings = {
				ASSETCATALOG_COMPILER_APPICON_NAME = AppIcon;
				DEVELOPMENT_TEAM = 3V868FP58Z;
				INFOPLIST_FILE = Sea/Info.plist;
				LD_RUNPATH_SEARCH_PATHS = "$(inherited) @executable_path/Frameworks";
				PRODUCT_BUNDLE_IDENTIFIER = ru.tutu.Sea;
				PRODUCT_NAME = "$(TARGET_NAME)";
				SWIFT_VERSION = 3.0;
			};
			name = Debug;
		};
		C2146ED91ED5ABC1007A613B /* Release */ = {
			isa = XCBuildConfiguration;
			buildSettings = {
				ASSETCATALOG_COMPILER_APPICON_NAME = AppIcon;
				DEVELOPMENT_TEAM = 3V868FP58Z;
				INFOPLIST_FILE = Sea/Info.plist;
				LD_RUNPATH_SEARCH_PATHS = "$(inherited) @executable_path/Frameworks";
				PRODUCT_BUNDLE_IDENTIFIER = ru.tutu.Sea;
				PRODUCT_NAME = "$(TARGET_NAME)";
				SWIFT_VERSION = 3.0;
			};
			name = Release;
		};
		C2146EDB1ED5ABC1007A613B /* Debug */ = {
			isa = XCBuildConfiguration;
			buildSettings = {
				ALWAYS_EMBED_SWIFT_STANDARD_LIBRARIES = YES;
				BUNDLE_LOADER = "$(TEST_HOST)";
				DEVELOPMENT_TEAM = 3V868FP58Z;
				INFOPLIST_FILE = SeaTests/Info.plist;
				LD_RUNPATH_SEARCH_PATHS = "$(inherited) @executable_path/Frameworks @loader_path/Frameworks";
				PRODUCT_BUNDLE_IDENTIFIER = ru.tutu.SeaTests;
				PRODUCT_NAME = "$(TARGET_NAME)";
				SWIFT_VERSION = 3.0;
				TEST_HOST = "$(BUILT_PRODUCTS_DIR)/Sea.app/Sea";
			};
			name = Debug;
		};
		C2146EDC1ED5ABC1007A613B /* Release */ = {
			isa = XCBuildConfiguration;
			buildSettings = {
				ALWAYS_EMBED_SWIFT_STANDARD_LIBRARIES = YES;
				BUNDLE_LOADER = "$(TEST_HOST)";
				DEVELOPMENT_TEAM = 3V868FP58Z;
				INFOPLIST_FILE = SeaTests/Info.plist;
				LD_RUNPATH_SEARCH_PATHS = "$(inherited) @executable_path/Frameworks @loader_path/Frameworks";
				PRODUCT_BUNDLE_IDENTIFIER = ru.tutu.SeaTests;
				PRODUCT_NAME = "$(TARGET_NAME)";
				SWIFT_VERSION = 3.0;
				TEST_HOST = "$(BUILT_PRODUCTS_DIR)/Sea.app/Sea";
			};
			name = Release;
		};
/* End XCBuildConfiguration section */

/* Begin XCConfigurationList section */
		C2146EB51ED5ABC1007A613B /* Build configuration list for PBXProject "Sea" */ = {
			isa = XCConfigurationList;
			buildConfigurations = (
				C2146ED51ED5ABC1007A613B /* Debug */,
				C2146ED61ED5ABC1007A613B /* Release */,
			);
			defaultConfigurationIsVisible = 0;
			defaultConfigurationName = Release;
		};
		C2146ED71ED5ABC1007A613B /* Build configuration list for PBXNativeTarget "Sea" */ = {
			isa = XCConfigurationList;
			buildConfigurations = (
				C2146ED81ED5ABC1007A613B /* Debug */,
				C2146ED91ED5ABC1007A613B /* Release */,
			);
			defaultConfigurationIsVisible = 0;
		};
		C2146EDA1ED5ABC1007A613B /* Build configuration list for PBXNativeTarget "SeaTests" */ = {
			isa = XCConfigurationList;
			buildConfigurations = (
				C2146EDB1ED5ABC1007A613B /* Debug */,
				C2146EDC1ED5ABC1007A613B /* Release */,
			);
			defaultConfigurationIsVisible = 0;
		};
/* End XCConfigurationList section */
	};
	rootObject = C2146EB21ED5ABC1007A613B /* Project object */;
}
